
Microsoft Visual Studio Solution File, Format Version 12.00
# Visual Studio Version 17
VisualStudioVersion = 17.1.32328.378
MinimumVisualStudioVersion = 10.0.40219.1
Project("{2150E333-8FDC-42A3-9474-1A3956D46DE8}") = "src", "src", "{43B32B94-771F-4ACE-AEFE-FE9DE4F0C54D}"
EndProject
Project("{2150E333-8FDC-42A3-9474-1A3956D46DE8}") = "services", "services", "{444F2FE7-0471-4FE3-800E-390EDD65EBBE}"
EndProject
Project("{2150E333-8FDC-42A3-9474-1A3956D46DE8}") = "web", "web", "{F92303D4-7192-45E3-9599-2694C84A550B}"
EndProject
Project("{9A19103F-16F7-4668-BE54-9A1E7A4F7556}") = "ProductCatalogAPI", "ProductCatalogAPI\ProductCatalogAPI.csproj", "{E0584807-2F4B-4490-BEC0-90A2D9835CB7}"
EndProject
Project("{E53339B2-1760-4266-BCC7-CA923CBCF16C}") = "docker-compose", "docker-compose.dcproj", "{E482B336-8022-4E44-A60A-CBD61D6BA81B}"
EndProject
Project("{FAE04EC0-301F-11D3-BF4B-00C04F79EFBC}") = "WebMvc", "WebMvc\WebMvc.csproj", "{F90A7ED7-68E7-432A-BBC0-B360879A62F4}"
EndProject
Project("{9A19103F-16F7-4668-BE54-9A1E7A4F7556}") = "TokenServiceAPI", "TokenServiceAPI\TokenServiceAPI.csproj", "{22ECEEE4-5B60-4F02-ADF5-95841D9E15B2}"
EndProject
Global
	GlobalSection(SolutionConfigurationPlatforms) = preSolution
		Debug|Any CPU = Debug|Any CPU
		Release|Any CPU = Release|Any CPU
	EndGlobalSection
	GlobalSection(ProjectConfigurationPlatforms) = postSolution
		{E0584807-2F4B-4490-BEC0-90A2D9835CB7}.Debug|Any CPU.ActiveCfg = Debug|Any CPU
		{E0584807-2F4B-4490-BEC0-90A2D9835CB7}.Debug|Any CPU.Build.0 = Debug|Any CPU
		{E0584807-2F4B-4490-BEC0-90A2D9835CB7}.Release|Any CPU.ActiveCfg = Release|Any CPU
		{E0584807-2F4B-4490-BEC0-90A2D9835CB7}.Release|Any CPU.Build.0 = Release|Any CPU
		{E482B336-8022-4E44-A60A-CBD61D6BA81B}.Debug|Any CPU.ActiveCfg = Debug|Any CPU
		{E482B336-8022-4E44-A60A-CBD61D6BA81B}.Debug|Any CPU.Build.0 = Debug|Any CPU
		{E482B336-8022-4E44-A60A-CBD61D6BA81B}.Release|Any CPU.ActiveCfg = Release|Any CPU
		{E482B336-8022-4E44-A60A-CBD61D6BA81B}.Release|Any CPU.Build.0 = Release|Any CPU
		{F90A7ED7-68E7-432A-BBC0-B360879A62F4}.Debug|Any CPU.ActiveCfg = Debug|Any CPU
		{F90A7ED7-68E7-432A-BBC0-B360879A62F4}.Debug|Any CPU.Build.0 = Debug|Any CPU
		{F90A7ED7-68E7-432A-BBC0-B360879A62F4}.Release|Any CPU.ActiveCfg = Release|Any CPU
		{F90A7ED7-68E7-432A-BBC0-B360879A62F4}.Release|Any CPU.Build.0 = Release|Any CPU
		{22ECEEE4-5B60-4F02-ADF5-95841D9E15B2}.Debug|Any CPU.ActiveCfg = Debug|Any CPU
		{22ECEEE4-5B60-4F02-ADF5-95841D9E15B2}.Debug|Any CPU.Build.0 = Debug|Any CPU
		{22ECEEE4-5B60-4F02-ADF5-95841D9E15B2}.Release|Any CPU.ActiveCfg = Release|Any CPU
		{22ECEEE4-5B60-4F02-ADF5-95841D9E15B2}.Release|Any CPU.Build.0 = Release|Any CPU
	EndGlobalSection
	GlobalSection(SolutionProperties) = preSolution
		HideSolutionNode = FALSE
	EndGlobalSection
	GlobalSection(NestedProjects) = preSolution
		{444F2FE7-0471-4FE3-800E-390EDD65EBBE} = {43B32B94-771F-4ACE-AEFE-FE9DE4F0C54D}
		{F92303D4-7192-45E3-9599-2694C84A550B} = {43B32B94-771F-4ACE-AEFE-FE9DE4F0C54D}
		{E0584807-2F4B-4490-BEC0-90A2D9835CB7} = {444F2FE7-0471-4FE3-800E-390EDD65EBBE}
		{F90A7ED7-68E7-432A-BBC0-B360879A62F4} = {F92303D4-7192-45E3-9599-2694C84A550B}
		{22ECEEE4-5B60-4F02-ADF5-95841D9E15B2} = {444F2FE7-0471-4FE3-800E-390EDD65EBBE}
	EndGlobalSection
	GlobalSection(ExtensibilityGlobals) = postSolution
		SolutionGuid = {9345F352-2C1D-4038-9D4D-91B66FEF29A8}
	EndGlobalSection
EndGlobal
